Microsoft Visual Studio Solution File, Format Version 8.00
Project("{20D4826A-C6FA-45DB-90F4-C717570B9F32}") = "TicTacToe", "TicTacToe\TicTacToe.csdproj", "{BD0264B3-0A9D-4318-861C-6F6EDE080ACA}"
	ProjectSection(ProjectDependencies) = postProject
	EndProjectSection
EndProject
Global
	GlobalSection(SolutionConfiguration) = preSolution
		Debug = Debug
		Release = Release
	EndGlobalSection
	GlobalSection(ProjectConfiguration) = postSolution
		{BD0264B3-0A9D-4318-861C-6F6EDE080ACA}.Debug.ActiveCfg = Debug|Windows CE
		{BD0264B3-0A9D-4318-861C-6F6EDE080ACA}.Debug.Build.0 = Debug|Windows CE
		{BD0264B3-0A9D-4318-861C-6F6EDE080ACA}.Debug.Deploy.0 = Debug|Windows CE
		{BD0264B3-0A9D-4318-861C-6F6EDE080ACA}.Release.ActiveCfg = Release|Windows CE
		{BD0264B3-0A9D-4318-861C-6F6EDE080ACA}.Release.Build.0 = Release|Windows CE
		{BD0264B3-0A9D-4318-861C-6F6EDE080ACA}.Release.Deploy.0 = Release|Windows CE
	EndGlobalSection
	GlobalSection(ExtensibilityGlobals) = postSolution
	EndGlobalSection
	GlobalSection(ExtensibilityAddIns) = postSolution
	EndGlobalSection
EndGlobal
